Microsoft Visual Studio Solution File, Format Version 11.00
# Visual Studio 2008

Project("{5DB23B8E-F450-5308-48A2-D6172D9E9FE5}") = "age-td", "Assembly-CSharp-firstpass.csproj", "{DD23970D-FD5D-4F5E-8DB4-3EB16AB33DA1}"
EndProject
Project("{5DB23B8E-F450-5308-48A2-D6172D9E9FE5}") = "age-td", "Assembly-CSharp.csproj", "{05D41192-567D-F885-F987-939C3FC8FF76}"
EndProject
Project("{5DB23B8E-F450-5308-48A2-D6172D9E9FE5}") = "age-td", "Assembly-UnityScript-firstpass.unityproj", "{B65B4E43-0AC5-F65C-13E4-5C98BF85C56E}"
EndProject
Project("{5DB23B8E-F450-5308-48A2-D6172D9E9FE5}") = "age-td", "Assembly-UnityScript.unityproj", "{1E6DD68A-F0D1-D04C-018F-25101DA454E2}"
EndProject
Global
	GlobalSection(SolutionConfigurationPlatforms) = preSolution
		Debug|Any CPU = Debug|Any CPU
		Release|Any CPU = Release|Any CPU
	EndGlobalSection
	GlobalSection(ProjectConfigurationPlatforms) = postSolution
		{DD23970D-FD5D-4F5E-8DB4-3EB16AB33DA1}.Debug|Any CPU.ActiveCfg = Debug|Any CPU
		{DD23970D-FD5D-4F5E-8DB4-3EB16AB33DA1}.Debug|Any CPU.Build.0 = Debug|Any CPU
		{DD23970D-FD5D-4F5E-8DB4-3EB16AB33DA1}.Release|Any CPU.ActiveCfg = Release|Any CPU
		{DD23970D-FD5D-4F5E-8DB4-3EB16AB33DA1}.Release|Any CPU.Build.0 = Release|Any CPU
		{05D41192-567D-F885-F987-939C3FC8FF76}.Debug|Any CPU.ActiveCfg = Debug|Any CPU
		{05D41192-567D-F885-F987-939C3FC8FF76}.Debug|Any CPU.Build.0 = Debug|Any CPU
		{05D41192-567D-F885-F987-939C3FC8FF76}.Release|Any CPU.ActiveCfg = Release|Any CPU
		{05D41192-567D-F885-F987-939C3FC8FF76}.Release|Any CPU.Build.0 = Release|Any CPU
		{B65B4E43-0AC5-F65C-13E4-5C98BF85C56E}.Debug|Any CPU.ActiveCfg = Debug|Any CPU
		{B65B4E43-0AC5-F65C-13E4-5C98BF85C56E}.Debug|Any CPU.Build.0 = Debug|Any CPU
		{B65B4E43-0AC5-F65C-13E4-5C98BF85C56E}.Release|Any CPU.ActiveCfg = Release|Any CPU
		{B65B4E43-0AC5-F65C-13E4-5C98BF85C56E}.Release|Any CPU.Build.0 = Release|Any CPU
		{1E6DD68A-F0D1-D04C-018F-25101DA454E2}.Debug|Any CPU.ActiveCfg = Debug|Any CPU
		{1E6DD68A-F0D1-D04C-018F-25101DA454E2}.Debug|Any CPU.Build.0 = Debug|Any CPU
		{1E6DD68A-F0D1-D04C-018F-25101DA454E2}.Release|Any CPU.ActiveCfg = Release|Any CPU
		{1E6DD68A-F0D1-D04C-018F-25101DA454E2}.Release|Any CPU.Build.0 = Release|Any CPU
	EndGlobalSection
	GlobalSection(SolutionProperties) = preSolution
		HideSolutionNode = FALSE
	EndGlobalSection
								GlobalSection(MonoDevelopProperties) = preSolution
		StartupItem = Assembly-CSharp.csproj
		Policies = $0
		$0.TextStylePolicy = $1
		$1.inheritsSet = null
		$1.scope = text/x-csharp
		$0.CSharpFormattingPolicy = $2
		$2.inheritsSet = Mono
		$2.inheritsScope = text/x-csharp
		$2.scope = text/x-csharp
		$0.TextStylePolicy = $3
		$3.FileWidth = 120
		$3.TabWidth = 4
		$3.EolMarker = Unix
		$3.inheritsSet = Mono
		$3.inheritsScope = text/plain
		$3.scope = text/plain
	EndGlobalSection

EndGlobal
